{
  "version": "5",
  "specifiers": {
    "jsr:@std/assert@1": "1.0.13",
    "jsr:@std/internal@^1.0.6": "1.0.10"
  },
  "jsr": {
    "@std/assert@1.0.13": {
      "integrity": "ae0d31e41919b12c656c742b22522c32fb26ed0cba32975cb0de2a273cb68b29",
      "dependencies": [
        "jsr:@std/internal"
      ]
    },
    "@std/internal@1.0.10": {
      "integrity": "e3be62ce42cab0e177c27698e5d9800122f67b766a0bea6ca4867886cbde8cf7"
    }
  },
  "redirects": {
    "https://esm.sh/@noble/curves@~1.3.0/_shortw_utils?target=denonext": "https://esm.sh/@noble/curves@1.3.0/_shortw_utils?target=denonext",
    "https://esm.sh/@noble/curves@~1.3.0/abstract/modular?target=denonext": "https://esm.sh/@noble/curves@1.3.0/abstract/modular?target=denonext",
    "https://esm.sh/@noble/curves@~1.3.0/abstract/poseidon?target=denonext": "https://esm.sh/@noble/curves@1.3.0/abstract/poseidon?target=denonext",
    "https://esm.sh/@noble/curves@~1.3.0/abstract/utils?target=denonext": "https://esm.sh/@noble/curves@1.3.0/abstract/utils?target=denonext",
    "https://esm.sh/@noble/curves@~1.3.0/abstract/weierstrass?target=denonext": "https://esm.sh/@noble/curves@1.3.0/abstract/weierstrass?target=denonext",
    "https://esm.sh/@noble/hashes@~1.3.3/sha256?target=denonext": "https://esm.sh/@noble/hashes@1.3.3/sha256?target=denonext",
    "https://esm.sh/@noble/hashes@~1.3.3/sha3?target=denonext": "https://esm.sh/@noble/hashes@1.3.3/sha3?target=denonext",
    "https://esm.sh/@noble/hashes@~1.3.3/utils?target=denonext": "https://esm.sh/@noble/hashes@1.3.3/utils?target=denonext",
    "https://esm.sh/@scure/base@~1.1.3?target=denonext": "https://esm.sh/@scure/base@1.1.9?target=denonext",
    "https://esm.sh/@scure/starknet@~1.0.0?target=denonext": "https://esm.sh/@scure/starknet@1.0.0?target=denonext",
    "https://esm.sh/isomorphic-fetch@^3.0.0?target=denonext": "https://esm.sh/isomorphic-fetch@3.0.0?target=denonext",
    "https://esm.sh/lossless-json@^2.0.8?target=denonext": "https://esm.sh/lossless-json@2.0.11?target=denonext",
    "https://esm.sh/pako@^2.0.4?target=denonext": "https://esm.sh/pako@2.1.0?target=denonext",
    "https://esm.sh/starknet@^5.24.3?target=denonext": "https://esm.sh/starknet@5.29.0?target=denonext",
    "https://esm.sh/url-join@^4.0.1?target=denonext": "https://esm.sh/url-join@4.0.1?target=denonext",
    "https://esm.sh/zod@^3.22.2?target=denonext": "https://esm.sh/zod@3.25.76?target=denonext"
  },
  "remote": {
    "https://esm.sh/@apibara/indexer@0.3.1/denonext/starknet.mjs": "20ad2e4f019772a961acd26a75c9d5ede88e3333958e88ff31116595f309fca7",
    "https://esm.sh/@apibara/indexer@0.3.1/starknet": "1a416d0206ede1b7a531745cc9e127ec8beb3f8a22084ffa820ed7027455eff9",
    "https://esm.sh/@noble/curves@1.3.0/_shortw_utils?target=denonext": "5e418dab31b524b03fce8cb70c6d56332dcd2424511f115b7d612089338a66b3",
    "https://esm.sh/@noble/curves@1.3.0/abstract/modular?target=denonext": "6e983a025673173b38c4bee2fb1d3681122f04729354d58aa77a875a370e0b54",
    "https://esm.sh/@noble/curves@1.3.0/abstract/poseidon?target=denonext": "31874fa0150f4294cf4391c3aa1d423ffc99454ed2a880e4d8f601bf11a4f3a9",
    "https://esm.sh/@noble/curves@1.3.0/abstract/utils?target=denonext": "25af3c4bd4e80ce010ad580d219997a65b8d19219e586b58e6f1e22330033718",
    "https://esm.sh/@noble/curves@1.3.0/abstract/weierstrass?target=denonext": "6f53e26d9631e90a625b2f1bcbaec202a06fffc0cd27a724673d6847a26f6352",
    "https://esm.sh/@noble/curves@1.3.0/denonext/_shortw_utils.mjs": "c4f107b38a53676710a1781d46803b9578de3b3a20a7d22c6462e0157417896b",
    "https://esm.sh/@noble/curves@1.3.0/denonext/abstract/curve.mjs": "f4b511125aac3c53e2c4faa90f7f6dba3eaf43a75c94279513000b43ef4811c7",
    "https://esm.sh/@noble/curves@1.3.0/denonext/abstract/modular.mjs": "9a8b6875d175898bfc0457d383e12419571e433963af97c73e817dca04fc6b4e",
    "https://esm.sh/@noble/curves@1.3.0/denonext/abstract/poseidon.mjs": "24164479bb364966d09d24f821d27482e1b95916cc5646b445e5b805676182b7",
    "https://esm.sh/@noble/curves@1.3.0/denonext/abstract/utils.mjs": "2a762d30ad58b76fdf8f5824bfaaf49e074f416f22182ee80d2f65bd501c6071",
    "https://esm.sh/@noble/curves@1.3.0/denonext/abstract/weierstrass.mjs": "f6fa3f52563912f97caa83437beb225b3a58e3fbfeb6d2a8d73db44b26514745",
    "https://esm.sh/@noble/hashes@1.3.3/denonext/_assert.mjs": "49706e1633a538c1d89c38e2b46d08e1ec047374906321f76d7e9f3d836fb3bb",
    "https://esm.sh/@noble/hashes@1.3.3/denonext/_sha2.mjs": "6fc661f17b7713c56464e79534ca594832d238b292f16b144cccb790852226a5",
    "https://esm.sh/@noble/hashes@1.3.3/denonext/crypto.mjs": "95e269fef913b5cf9bebf3c6648ad11883423d5a65269e1f15464115f212c33b",
    "https://esm.sh/@noble/hashes@1.3.3/denonext/esm/_u64.mjs": "59d17d5b2fce4825a9b6778138cd8dbb830b0cc07a57a997f4b9304589e963ea",
    "https://esm.sh/@noble/hashes@1.3.3/denonext/hmac.mjs": "3c99e3018fa5bbfc6684cd63e79c819ec60dd9d2139777bf683333ca0eba0504",
    "https://esm.sh/@noble/hashes@1.3.3/denonext/sha256.mjs": "7e540005bfe6da5ca43347d4e61f70b89adf89e839c0a6f0fad1adcc54314a07",
    "https://esm.sh/@noble/hashes@1.3.3/denonext/sha3.mjs": "f2132397476cd1ee8ba14e2563650d4c5db585e3fa0c1bddb9855eca3bb64bce",
    "https://esm.sh/@noble/hashes@1.3.3/denonext/utils.mjs": "f8a6599c038cbdca9bd1228c7580329f011d6eb4baeaa826ffa11979d9512983",
    "https://esm.sh/@noble/hashes@1.3.3/sha256?target=denonext": "c7a5b88a05714943ea0069d68219348db583db711343494d49c959373fbbe151",
    "https://esm.sh/@noble/hashes@1.3.3/sha3?target=denonext": "d2b6b9e925bd79b0a4494a8ab7af4783b4b9085aa71fe5977242c159806deda6",
    "https://esm.sh/@noble/hashes@1.3.3/utils?target=denonext": "7708223fc228e26b3092d02131aebe9acd4c39dde47323ab85371450f774f172",
    "https://esm.sh/@scure/base@1.1.9/denonext/base.mjs": "61cd3970245f7e8317a3a53cde0c58fb60357f00242d3b6e4f8a6537eec696de",
    "https://esm.sh/@scure/base@1.1.9?target=denonext": "195e8cb4a6b9c8fc9e406a5fedb227e16e6b3a1e714c6fd0d42b31f85e4f8a7e",
    "https://esm.sh/@scure/starknet@1.0.0/denonext/starknet.mjs": "faf2a15909bcfe5630a2c60b9b714a8762a9b6567ecaecc043df4abd89315009",
    "https://esm.sh/@scure/starknet@1.0.0?target=denonext": "4bd129c0b6c4959d09aa51b61253bb1027cb8e8d569a8cf4389e65bc70bf8cbc",
    "https://esm.sh/isomorphic-fetch@3.0.0/denonext/isomorphic-fetch.mjs": "30b5b5503c95742a832f8285989906b956e1c1ba81eaf3ac37485daae3685722",
    "https://esm.sh/isomorphic-fetch@3.0.0?target=denonext": "3bdce7a64847c0dc3300af0b7006e90b66d3dcf713817bb4dfb09e9f83b3fe41",
    "https://esm.sh/lossless-json@2.0.11/denonext/lossless-json.mjs": "70e727afd3a8a37b51a9ee09aa0f437168aa50b1d59b0fd115e631008bec9418",
    "https://esm.sh/lossless-json@2.0.11?target=denonext": "66502befe77f7e6a1aaba35cc182acaf079fd1351a5b7a0cedc1489d4b764ef3",
    "https://esm.sh/pako@2.1.0/denonext/pako.mjs": "594b3ce0f5ddae3b774b96a54a8da85a7cef98cead7ce5b2e74c7baf5dd06688",
    "https://esm.sh/pako@2.1.0?target=denonext": "3dcc4182e7adf7e7639788c643bb99c4379e2d4ffd475b29fbf4b8590d9dd3ac",
    "https://esm.sh/starknet@5.29.0/denonext/starknet.mjs": "e64223afbc34e2595c8a2fa4d2ed4d101917cbcc1170a9d646ebafbcb6db4842",
    "https://esm.sh/starknet@5.29.0?target=denonext": "ba81318a95dd7b1b67fb888843190bd6926a9bf568b31da8d6b6d03dd514b213",
    "https://esm.sh/url-join@4.0.1/denonext/url-join.mjs": "eb9795ca9eb246ac77b39657a9329416fd325f9c4535b9ba0ce8d349c8f0c777",
    "https://esm.sh/url-join@4.0.1?target=denonext": "1fcaad374a304ec1c0ea6458321e43d83170093316d0c9bc820a8dd073829157",
    "https://esm.sh/zod@3.25.76/denonext/zod.mjs": "9f643d0cc560840b7fa3b6e6fc3a5a41595f12ff8863cac0ccbae3ec98989284",
    "https://esm.sh/zod@3.25.76?target=denonext": "7d2e5b7450d6f99b9b3b228958bd1291d5a1f8378f82b8cdd2ce83b2f14961c2"
  },
  "workspace": {
    "dependencies": [
      "jsr:@std/assert@1"
    ]
  }
}
